version: 1
checksums:
  65f0b2bcf7f26084eccbea1631cf7828:
    ErrorPage/title: a3cd2f01c073f1f5ff436d4b132d39cf
    ErrorPage/description: 6a507f6bf54c8f5f4d0110143720da25
    NotFoundPage/title: 97612e6230bc7a1ebd99380bf561b732
    NotFoundPage/description: 8505bbe82b4a0fffeaa2052681a7d2f1
    ExpiredPage/title: 4bb837f0be733b053c8370b611cdff70
    LandingCard/heading: af183a3602deb9455d72905c8a7c7c10
    LandingCard/actionsIntro: 05d5a10975df5812dbddd6f9c0d1ad48
    LandingCard/actions/changePaymentMethod: f56f323cef5924b2a61f6f427b746597
    LandingCard/actions/cancelSubscription: 2f327503dd7b7aaa4c49fadebe4657dd
    LandingCard/actions/downloadInvoices: a434936a009dc1af355fdf26ea3e7e25
    LandingCard/actions/viewOrders: 39cc16f37e8bb813a89ef8a0a3779e79
    LandingCard/actions/otherQueries: c33c65fcac05f6845e7b7efb9901d2ef
    LandingCard/emailLabel: e7f34943a0c2fb849db1839ff6ef5cb5
    LandingCard/emailPlaceholder: 39931962707c99b99a5a073ab579396b
    LandingCard/emailInvalid: b2d9f25626f2d15c7c63e0281bccc247
    LandingCard/emailFailed: c6a9693d72463e612bd29ddc117eadc2
    LandingCard/lookUpPurchase: 5c9cab14f7ae2dc924d3055d4fd4797c
    LandingCard/sendEmail: 0ef83c0bb40de25921a9ee7fa05babec
    LandingCard/sending: 313baf79716ca9d57de864eaac4a602a
    LandingCard/sentTitle: 9586f1757a579439618f561bfa4aed45
    LandingCard/sentDescription: aa156d117d4cf6db5229eb5f68863cbe
    LandingInfoCard/title: 7469edf5ede3e4a25900375f9949586c
    LandingInfoCard/description: 7cd3ae8914c820bd3723f9e23c8096b0
    LandingInfoCard/visitPrompt: a3cc34253361eecacc54956ebadd06ae
    LoginForm/billingPortalTitle: 4f277b0a2968db1ef4b85cf8a10efbd3
    LoginForm/enterEmailDescription: 0688d9d553399e968b2ded526d1ef6f8
    LoginForm/emailLabel: e7f34943a0c2fb849db1839ff6ef5cb5
    LoginForm/emailPlaceholder: 39931962707c99b99a5a073ab579396b
    LoginForm/emailInvalid: 8de4bc8832b11b380bc4cbcedc16e48b
    LoginForm/emailRequired: 26c1cc9143c4863de2601fa704aa81e5
    LoginForm/getAccessLink: 6482bff114fb60035424c2cee520504e
    LoginForm/sending: 313baf79716ca9d57de864eaac4a602a
    LoginForm/successTitle: 0f86a46d434bb4595b8753d3cf2524e0
    LoginForm/successDescription: 4d24ef647de7de0013b4e98d344ba121
    LoginForm/goBack: 050ad9e6589a60da7605d8cca4cf155f
    LoginForm/loginLinkSent: 0428e73cf3ffe038d8cff17b73f678a9
    LoginForm/loginLinkFailed: c6a9693d72463e612bd29ddc117eadc2
    Businesses/searchPlaceholder: d7b853ec5668258d65af67ffc28d906c
    Businesses/emptyPage: ff8b1cb756103f74a757383df1ed9c61
    Businesses/emptyAll: c0f00fc826a48f4e6f94c20add24a7fc
    Businesses/fetchError: 77a8bb85a1589e1184e79ed439e16e68
    Businesses/viewDetails: f89b1a0b178c4e8448cdbee27998ed03
    SessionHeader/viewAllBusinesses: cd454007152ef2c440f4ebbc857e6480
    SessionHeader/switchToLightMode: 9479683365767a908f2b960912db499c
    SessionHeader/switchToDarkMode: 26496ade2d3b662d3c803d81cc6f757b
    SessionHeader/loggingOut: 1f6ffb1548b7d3dbcec0ce6103b59bbc
    SessionHeader/logOut: 0a29c741e0a1f63184ee7b85ce2da68c
    SessionHeader/goBackToBusiness: 23a0216bbc0cb4054d716fd7322f3c1a
    SessionHeader/goToOverview: c56c03f732d9b99a36fd0460fd4f58be
    LeftPanel/goBackTo: 587abf8e70d0323cf422b81b65895d14
    LeftPanel/heading: 04fc37aa24f3652fc85d35882a6330c6
    LeftPanel/description: def184ba262ac04bb4cc201a919f167d
    LeftPanel/poweredBy: 6b6f88e2fa5a1ecec6cebf813abaeebb
    LeftPanel/privacy: 6007d5d5f6591c027b15bd49ab7a8c47
    LeftPanel/terms: c531b88ecfe7dd2337a34f4a9ed18a5f
    LanguageSelector/changeFailed: a122887a7af21ef2eb082e2957be4532
    Subscriptions/headingActive: 1873ef38d1e0c66615faded9dfa73830
    Subscriptions/headingAll: 0d17f4d8d660df40b41d82e0171af6ad
    Subscriptions/emptyPage: e1be06cde5ed5a85b461b2d76eec0b94
    Subscriptions/emptyActive: fabcfb73e56daa7fd2a7a77711a319fa
    Subscriptions/viewAll: 7a971463e0fb9d9d7ff65545c5f53a98
    SubscriptionCard/manageSubscription: b83a75127b8eabc21dfa1e0f7104db56
    SubscriptionCard/updatePaymentMethod: bd941bb1afc2e2f707529042d9cc45de
    SubscriptionCard/viewDetails: 885f3ad1c2e448d104a45c0291b79ba5
    SubscriptionCard/renewsOn: ef377e2f8fae467de758b14c23a3ee50
    SubscriptionCard/validTill: 58e0bf2c9ad8d1860afd75043af03242
    SubscriptionDetails/addons: 688e91e98f6fa2058bd0dec3dee73283
    SubscriptionDetails/meters: 60762c43baf0582753ee4bbdff3ba22b
    SubscriptionDetails/freeThreshold: 8f2f999927cac387a7b2d204dba1ff68
    SubscriptionDetails/per: 1dd0eebdc70c23cf98cc4f78ce7276f4
    SubscriptionDetails/qty: 8101d91d15efdf934247cfefe095eaf6
    SubscriptionBillingInfo/title: 7bd9e0e2854d342eae5c519a891bf3e5
    SubscriptionBillingInfo/name: 9368b5a047572b6051f334af5aa76819
    SubscriptionBillingInfo/phoneNumber: 3249becf06d2e11d04191093f47e6ade
    SubscriptionBillingInfo/email: e7f34943a0c2fb849db1839ff6ef5cb5
    SubscriptionBillingInfo/billingAddress: 48980a775bfc7292b0c4f9b74b4d352e
    SubscriptionBillingEdit/editButton: eee7f39ff90b18852afc1671f21fbaa9
    SubscriptionBillingEdit/sheetTitle: 01fc99d7e9257c319a468f964cbc329b
    SubscriptionBillingEdit/customerName: 0de2e49b864602d51500cec1cfb18d07
    SubscriptionBillingEdit/fullNamePlaceholder: ba3094a10db2bb9234cb7e0dc86e40fd
    SubscriptionBillingEdit/billingAddress: 48980a775bfc7292b0c4f9b74b4d352e
    SubscriptionBillingEdit/loadingCountries: 82b4ea7ed1439094d7c4be13aaba9a66
    SubscriptionBillingEdit/addressLine: ef40a2ee374d665318cece506c439dce
    SubscriptionBillingEdit/state: 118de561d4525b14f9bb29ac9e86161d
    SubscriptionBillingEdit/city: 1831f32e1babbb29af27fac3053504a2
    SubscriptionBillingEdit/postalCode: a3133251f4c5dcb6ea9ad4bcc789607d
    SubscriptionBillingEdit/purchasingAsBusiness: 635410b03cc794af350e9dda750c5279
    SubscriptionBillingEdit/taxId: 3be38fb9a842dacd042525c3f4b1baee
    SubscriptionBillingEdit/taxIdPlaceholder: 3be38fb9a842dacd042525c3f4b1baee
    SubscriptionBillingEdit/saveDetails: 67ba602bfe60dd6417a146c0315e363c
    SubscriptionBillingEdit/updateSuccess: db810a8522076975e5e19dac9f5e43c1
    SubscriptionBillingEdit/updateFailed: 4ca5775429bdad1ec3bb2b1d2a3884fc
    SubscriptionBillingEdit/countriesLoadFailed: ad26d712c22f062c44ebc8bda1fc1ff2
    CancelSubscriptionDialog/title: 0cfcfca8a626977f40d15d21c2fb4177
    CancelSubscriptionDialog/description: f0f8201877fb5d8decfdf60578ae04f4
    CancelSubscriptionDialog/close: 2c2e22f8424a1031de89063bd0022e16
    CancelSubscriptionDialog/cancel: 2e2a849c2223911717de8caa2c71bade
    CancelSubscriptionDialog/cancelling: 6dcf56d1fa7ed307f0f8b41cc351093f
    CancelSubscriptionSheet/triggerCancel: e96e506867f44b9271bb24f18d375626
    CancelSubscriptionSheet/triggerRevoke: ca6d924861ee51567d527c724b9e21ea
    CancelSubscriptionSheet/sheetTitle: cd76f7091dbc6cac2c725b9fd725d966
    CancelSubscriptionSheet/currentPlan: 53ac259fd40a361274861ee7c7498424
    CancelSubscriptionSheet/addOns: 1b3b6e7c46d18b946ac4305922a5abe6
    CancelSubscriptionSheet/quantity: 2717559074ccbfced4842820437490e6
    CancelSubscriptionSheet/scheduledCancellationWarning: ed8b0606499c83aab049a2edb8592f3a
    CancelSubscriptionSheet/revokeCancellation: ca6d924861ee51567d527c724b9e21ea
    CancelSubscriptionSheet/revoking: 5239f74aac1eaa8fbf4ac3c727a32276
    CancelSubscriptionSheet/cancelAtNextBilling: 7ec0ecb0d87c7527d4e01c343a045458
    CancelSubscriptionSheet/cancelling: 6dcf56d1fa7ed307f0f8b41cc351093f
    CancelSubscriptionSheet/cancelSuccess: b893ec527f33a7420b7c13955ab088ae
    CancelSubscriptionSheet/cancelScheduled: 2fb854f59f76779ea39e649bcfa29948
    CancelSubscriptionSheet/cancelFailed: c1b31d5a57883edad1c59f5f288c63af
    CancelSubscriptionSheet/revokeFailed: efe999e76f77f46165462581d80f4634
    CancelSubscriptionSheet/revokeSuccess: 36199d11ee82bd0e02b055189aadfa86
    SubscriptionInfo/title: d7564700e1d27a6b1dcf411e7099a1c6
    SubscriptionInfo/description: f666060add3df84ffd584866061491fc
    SubscriptionNotes/onHold: af350c6f300928062febf616aa36b945
    SubscriptionNotes/failed: 99917af4da611f6681f911e87a5be90e
    SubscriptionNotes/pending: 3645f721e50a3be3edfc3a274aec8c65
    SubscriptionNotes/cancelledOn: 3d8662f79076ebff5a1f2d93a32d05bd
    SubscriptionNotes/expired: bc6e9beaea25340c7d0558f7994444b1
    SubscriptionNotes/scheduledCancellation: dc5addc0926953f90fc7f536722011c6
    SubscriptionNotes/scheduledCancellationNoDate: aa825d2b2c97566162c8bb1e65e480e2
    SubscriptionNotes/flexibleSubscription: 48cc15e8712167171adca6f1b252db4d
    SubscriptionNotes/flexibleSubscriptionUnknownMerchant: 858754a7747abe2c2c70f66e339342bb
    SubscriptionNotes/discountApplied: ef5afaa9fb6f01afb09ce575283ad4a5
    ChangePlanSheet/trigger: 14df4fbe7ba3ceeba03c4bd4fc2e00f4
    ChangePlanSheet/sheetTitle: 43328383184fb5d45b69548e32706854
    ChangePlanSheet/noProducts: 695a23758080f5c58b866cce2555cd24
    ChangePlanSheet/currentPlan: 53ac259fd40a361274861ee7c7498424
    ChangePlanSheet/proceed: b8d1cccacabd4d66f74364570f2df025
    ChangePlanSheet/unnamedGroup: 838ac8fbf0e012ff63f29be763e99cc2
    PlanPreview/confirmPlanChange: 917bc4cfd28076aeb1b1e142f9e82d67
    PlanPreview/noPlanSelected: 173093e87c7f2a22b47ab319a3a30674
    PlanPreview/loadingPreview: 803553089c1462e1873c47790bdeb7a5
    PlanPreview/current: 27f172f76ac28e72cb062f80002b0ad5
    PlanPreview/updated: 8aa8ff2dc2977ca4b269e80a513100b4
    PlanPreview/qty: 8101d91d15efdf934247cfefe095eaf6
    PlanPreview/viewAddons: bf2adcc644879537fe4002d3a7197554
    PlanPreview/manageAddons: adcbbf0da46b1dd9b76157200d93505f
    PlanPreview/noAddons: c0776ba455445b79c9df7076dcfdf97c
    PlanPreview/tableItem: 59130c3d4d998b7cd613ea4f69d60a66
    PlanPreview/tableQuantity: 6ea77679027c153af3ceedde66f23d42
    PlanPreview/tableUnitPrice: 8d4cecc463be93bc5e931914876f6046
    PlanPreview/tableTax: d3fcfe0d706125207807c386716724ee
    PlanPreview/tableTotal: f60dc0a14e9b1bace656c644de25de5b
    PlanPreview/creditToBalance: 48cde98105785a1b6dce3df3fb14f4da
    PlanPreview/creditTooltip: 2bdeaa1a9941015164acd44bb763c731
    PlanPreview/summaryTotal: f60dc0a14e9b1bace656c644de25de5b
    PlanPreview/summaryTax: d3fcfe0d706125207807c386716724ee
    PlanPreview/summaryAmountDue: ce0fd06c7ee8fb1ad6540501deac2ce2
    PlanPreview/payButton: 60907d3451a6b7b3a2213c78ee17e043
    PlanPreview/previewFailed: 0af5673baa35ddbe07b1a0068f5f098a
    PlanPreview/changeFailed: f40d10cb05199821daf5e9e4da3c1b72
    PlanPreview/changeSuccess: f18b1ceac3542e27f15678139edf213e
    PlanPreview/addonRequired: 3ac06285f13c219dee815665bbc9d1e4
    UpdatePaymentMethodSheet/editButton: eee7f39ff90b18852afc1671f21fbaa9
    UpdatePaymentMethodSheet/sheetTitle: 51ac7275437cf6e6986bacff430f508c
    UpdatePaymentMethodSheet/addPaymentMethod: 0d3902a770e7bfaf91d577cc4718d869
    UpdatePaymentMethodSheet/noPaymentMethods: c30e9e9bdcd049cfab8376b5bc7728b3
    UpdatePaymentMethodSheet/confirmChanges: 73d569ba6857bb36b176088399baca5d
    UpdatePaymentMethodSheet/updating: 0d59644e851a6a76f1fb45de9353c447
    UpdatePaymentMethodSheet/selectRequired: d347cc99e05791904f12e28a406007da
    UpdatePaymentMethodSheet/loadFailed: d1624e5dde63805209522311da4186a3
    UpdatePaymentMethodSheet/updateSuccess: 8b1228b0e68a70f9ec2fa32e29518b5e
    UpdatePaymentMethodSheet/setupInitiated: e4a31cfdafea0cc95322541635bda94e
    UpdatePaymentMethodSheet/updateFailed: 35beb0d662d72ff9a3caa51258dae4bc
    UpdatePaymentMethodSheet/addFailed: a466b8318d9c2ad3c492c6b5a6e6a36f
    PaymentMethodCard/dialogTitle: ec2962466738e7a51bf148fee692bd4b
    PaymentMethodCard/dialogDescription: 0f2f902120cffcbdd5bb9b5e6835eba9
    PaymentMethodCard/cancel: 2e2a849c2223911717de8caa2c71bade
    PaymentMethodCard/remove: dba2fe5fe9f83f8078c687f28cba4b52
    PaymentMethodCard/removing: 6689d93ec92668ccf7fb95f21ad780f6
    PaymentMethodCard/removeAriaLabel: ec2962466738e7a51bf148fee692bd4b
    PaymentMethodCard/removeSuccess: cc4025294317a6c03d3dfa0ce96c848f
    PaymentMethodCard/removeFailed: 4b9cb3966ea4e8ec527f7f4d1d989c1c
    PaymentMethodsSection/title: 1f20db3180fd9cfc984e707987c7c01b
    PaymentMethodsSection/empty: 0d3e4755ce55b9c485d1feead7da1491
    AddPaymentMethodSheet/trigger: 38ad2a7f6bc599bf596eab394b379c02
    AddPaymentMethodSheet/sheetTitle: 38ad2a7f6bc599bf596eab394b379c02
    AddPaymentMethodSheet/or: 0208d355f231c386b19390f0bea41b95
    AddPaymentMethodSheet/card: bba0beaced7ea954ceb980f2b022ffee
    AddPaymentMethodSheet/cardNumber: 524693f663c5f7f07de86903f9b7e94b
    AddPaymentMethodSheet/cardNumberPlaceholder: fd994774f9e0ea1cadaa03095b10eeb0
    AddPaymentMethodSheet/expiryDate: 2317b8e008952288ebb1fb74380e5327
    AddPaymentMethodSheet/expiryDatePlaceholder: ebff6b100e92b9cb4df6b7b49887c6bd
    AddPaymentMethodSheet/securityCode: ded17ff30de2d1843326051f90835691
    AddPaymentMethodSheet/cardTerms: b85e9b9e90faed32021152bb9d902ca1
    Orders/billingHistory: 2c2802bfaca8774325efb30773ab89a1
    Orders/emptyPage: be3ab26b90461c4763abd27c4d826e54
    Orders/emptyAll: 32c34b0f7ec4eb079b4c59d9f24f1242
    Orders/noBillingHistory: 3b60ca00d0183088d3eb2928b254053a
    Orders/fetchFailed: 094df4e9f9eb0697315ceaff336fba85
    BillingHistoryColumns/date: 56f41c5d30a76295bb087b20b7bee4c3
    BillingHistoryColumns/status: 4e1fcce15854d824919b4a582c697c90
    BillingHistoryColumns/amount: a0ae9c6ff98b57475cdce56f66066aa4
    BillingHistoryColumns/pricingType: 23cc709e7580a44c41d1ff52c8b72f1e
    BillingHistoryColumns/entitlements: 9b15a92b139d5379757567047bc348dd
    BillingHistoryColumns/invoice: eeda4ece45623519011ea5c83091f431
    OrderCard/paymentId: fc330d21536dda285c9ee6c53b1a95a7
    OrderCard/purchased: 99a83e76263d4001a176edb081a11173
    OrderCard/viewDetails: f89b1a0b178c4e8448cdbee27998ed03
    OrderCard/hideDetails: b52646199978fd2098e4e5e7d4594ad1
    OrderCard/noProducts: ce4f395d16bd453c9fc2c3effdf9acdb
    OrderCard/fetchFailed: bb84cc0d3ea1a8de542d5962ff02179e
    RefundsTable/title: 895e4634abb3079f3c840ac27aec18ce
    RefundsTable/empty: 88243e083d5966bb3b30b082a3eaabaf
    RefundColumns/date: 56f41c5d30a76295bb087b20b7bee4c3
    RefundColumns/status: 4e1fcce15854d824919b4a582c697c90
    RefundColumns/amount: a0ae9c6ff98b57475cdce56f66066aa4
    RefundColumns/refundId: 4172fda74e386a0d560720809d7f705b
    RefundColumns/associatedPayment: 801294207bc1600be6ebe4160b6e8f47
    InvoiceHistory/emptyPage: 11d4a453892707541c7a3b2a04723741
    InvoiceHistory/emptyAll: afa033a0a070e05703ab7215050df68e
    InvoiceHistory/paymentId: fc330d21536dda285c9ee6c53b1a95a7
    InvoiceHistory/date: 56f41c5d30a76295bb087b20b7bee4c3
    InvoiceHistory/amount: a0ae9c6ff98b57475cdce56f66066aa4
    InvoiceHistory/status: 4e1fcce15854d824919b4a582c697c90
    InvoiceHistory/download: 56b7d0834952b39ee394b44bd8179178
    InvoiceDownloadSheet/notAvailable: e905b98789fd0c40d57eacb721591544
    InvoiceDownloadSheet/downloadInvoice: a7156b83a220dbd7a74bb5e0243fa7a6
    InvoiceDownloadSheet/invoice: eeda4ece45623519011ea5c83091f431
    InvoiceDownloadSheet/generateInvoice: b38baa96d4ededf932f94040a5a1e1d1
    InvoiceDownloadSheet/fillDetailsTitle: 9a9665a76eb08b04f0d4fdc3c0bbed1f
    InvoiceDownloadSheet/existingAddressTitle: 12a42729011fc0d89e0fdcd89edebfdc
    InvoiceDownloadSheet/existingAddressDescription: 4f9b6a4b82955c0a1f00a4c35e92410b
    InvoiceDownloadSheet/fullAddressTitle: 9941ad387b21bb160ba5f8cf0a5cc8f8
    InvoiceDownloadSheet/fullAddressDescription: 905f7e9d968851308ddc243f06230641
    InvoiceDownloadSheet/fillDetails: 0e3f5ec9f13b8686072dbbe90a808f11
    InvoiceFillDetails/addressLine: ef40a2ee374d665318cece506c439dce
    InvoiceFillDetails/state: 118de561d4525b14f9bb29ac9e86161d
    InvoiceFillDetails/city: 1831f32e1babbb29af27fac3053504a2
    InvoiceFillDetails/postalCode: a3133251f4c5dcb6ea9ad4bcc789607d
    InvoiceFillDetails/download: 56b7d0834952b39ee394b44bd8179178
    InvoiceFillDetails/downloadSuccess: de65432c3ec7f8044197bb21e9ed1f4f
    InvoiceFillDetails/updateFailed: f9396391f17ed219e5d3c2873bf46436
    DigitalDeliveryDialog/title: cb59fd45cfd10674d2fd5f2d3969ac90
    DigitalDeliveryDialog/description: 2167ed33ede9f44d404263603af2347e
    DigitalDeliveryDialog/accessExternal: c16730775a46478b37b5338c05922d67
    DigitalDeliveryDialog/instructions: 047b6298686bcec6b2161f5045893002
    DigitalDeliveryDialog/loadFailed: de03831ec854735df9cb84c642f39eed
    WalletsSection/title: 4599a5c87198f2113d1e54d435a24cd5
    WalletsSection/selectWallet: 35d96988a93704dae61ea2a52779e78a
    WalletsSection/walletLabel: 636936d2e1318381a801c6b921c2cc00
    WalletsSection/availableBalance: 990c8d734728885d446192259c9bed26
    WalletsSection/tableType: f04471a7ddac844b9ad145eb9911ef75
    WalletsSection/tableReason: 9b66f286b86dd0e87b1ac0604c9d1ced
    WalletsSection/tableAmount: a0ae9c6ff98b57475cdce56f66066aa4
    WalletsSection/noTransactions: 2fe6d0151988d3a1e4271524f3aae8f1
    WalletsSection/credit: 2d447a71ec815a039f175e94fbb12a56
    WalletsSection/debit: 1b35db901aa1aeed8ee79aec6d807731
    CreditsSection/title: b21b88917ea0c8e2a71888756f71d0be
    CreditsSection/selectCredit: 498799fc4c530ee37f193b4b5667556f
    CreditsSection/overageBalance: 59720bca3c49323e59bc11a9c50976f5
    CreditsSection/availableCreditBalance: 0df5140e138b599401055af2016a0a22
    CreditsSection/tableType: f04471a7ddac844b9ad145eb9911ef75
    CreditsSection/tableDescription: e17686a22ffad04cc7bb70524ed4478b
    CreditsSection/tableAmount: a0ae9c6ff98b57475cdce56f66066aa4
    CreditsSection/noTransactions: 2fe6d0151988d3a1e4271524f3aae8f1
    CreditsSection/credit: 2d447a71ec815a039f175e94fbb12a56
    CreditsSection/debit: 1b35db901aa1aeed8ee79aec6d807731
    UsageSummary/emptyPage: 023f444de0068e3e87b60b4869a1f727
    UsageSummary/emptyAll: 9c7d0836e19ed3de2fb2a7330e6c5afc
    SubscriptionTabsTable/billingHistory: 2c2802bfaca8774325efb30773ab89a1
    SubscriptionTabsTable/refundHistory: 895e4634abb3079f3c840ac27aec18ce
    SubscriptionTabsTable/usageSummary: f3756deee93aea594db2df111ffd1d2b
    Entitlements/licenseKeyButton: dc79d7a540527b8cf1cbf8d067c5445a
    Entitlements/licenseKeysButton: 446cf9b1295503cb96b698a04517351a
    Entitlements/licenseKeysTitle: 446cf9b1295503cb96b698a04517351a
    Entitlements/migrateLicenseTitle: a32b2113abcb35f2a2f6a8a11bcca241
    Entitlements/licenseKeyCardTitle: 0acf7cc1945864c1891f817631bf78d2
    Entitlements/clickToView: d0e381c3af59ac5102de86eb6b9dfd88
    Entitlements/hideLicenseKey: ac36991fb83b009c357e14303e081bc0
    Entitlements/showLicenseKey: b3e72fc17d0f4b3801b56471ffbe680e
    Entitlements/loadingLicenseKeys: 8bd95a9caf5827dc9660d1f76824e2d2
    Entitlements/noLicenseKeys: 4a5720041b9477dea7df0a92e2237652
    Entitlements/expires: c7be2eba0aa8a35d1b057bde5229508d
    Entitlements/attachmentsButton: c07b0f71c56630aef60ef8d754efd867
    Entitlements/attachmentButton: cc20aa245578b01bdf987c3aa34a4f32
    Entitlements/attachmentsTitle: 6ee26f2fcbee459060c03d6cb67f3747
    Entitlements/attachmentsDescription: b1880fa1bcef79e9f2e64266ba937a0a
    Entitlements/digitalProductsTitle: cb59fd45cfd10674d2fd5f2d3969ac90
    Entitlements/digitalProductsDescription: f9cdb60e785ccd74135b5c8e2df9c868
    Entitlements/noDigitalProducts: f6a86da40d9e3060a0cf953e79a3005f
    Entitlements/filesSection: aee803d2f576ac1200c73b691191a916
    Entitlements/externalLink: 6a4345ac374175ff4356c260af3007b9
    Entitlements/open: 9a8c3b16091ea6cef3f771fc6715ab67
    Entitlements/instructionsSection: 047b6298686bcec6b2161f5045893002
    Entitlements/loadFailed: a47320ce7cad9c2669a1e6efc08d5da9
    Entitlements/fetchCartFailed: c7c43ff3f71083ff7783140724e3ef08
    Entitlements/fetchDigitalFailed: f753b2a4194367411afb36244e2afcbc
    ProfilePage/billingDetails: a2b7bd37b2bbdc9eb6929016fb5c3f61
    ProfilePage/name: 9368b5a047572b6051f334af5aa76819
    ProfilePage/email: e7f34943a0c2fb849db1839ff6ef5cb5
    ProfilePage/walletsHeading: d2125faf21c7a66bb7322e3ed235e246
    ProfilePage/creditsHeading: b21b88917ea0c8e2a71888756f71d0be
    ProfilePage/walletTabLabel: c2ec9c98459e676c47f445d0c9fa9198
    ProfileWallet/noWalletsFound: 531b2ea5ac31b45b939d6e672f96734f
    ProfileWallet/availableBalance: 990c8d734728885d446192259c9bed26
    ProfileWallet/recentTransactions: c1adc026ca419c2e105271ce9155f17a
    ProfileWallet/tableType: f04471a7ddac844b9ad145eb9911ef75
    ProfileWallet/tableReason: 9b66f286b86dd0e87b1ac0604c9d1ced
    ProfileWallet/tableAmount: a0ae9c6ff98b57475cdce56f66066aa4
    ProfileWallet/emptyPage: 9a3e2a5bf3db7ccdb50275711a5c308f
    ProfileWallet/emptyAll: 3d0237c9b6ee5b4a601f338c823bcfde
    ProfileCredits/noCreditsFound: aed383856f49c868a72ba97cfa1566dd
    ProfileCredits/selectPlaceholder: 498799fc4c530ee37f193b4b5667556f
    ProfileCredits/overageBalance: 59720bca3c49323e59bc11a9c50976f5
    ProfileCredits/availableCreditBalance: 0df5140e138b599401055af2016a0a22
    ProfileCredits/recentTransactions: c1adc026ca419c2e105271ce9155f17a
    ProfileCredits/tableType: f04471a7ddac844b9ad145eb9911ef75
    ProfileCredits/tableDescription: e17686a22ffad04cc7bb70524ed4478b
    ProfileCredits/tableAmount: a0ae9c6ff98b57475cdce56f66066aa4
    ProfileCredits/emptyPage: 9a3e2a5bf3db7ccdb50275711a5c308f
    ProfileCredits/emptyAll: 3d0237c9b6ee5b4a601f338c823bcfde
    Pagination/previous: 25c58dd62f190368a3d2c4c97b385ea9
    Pagination/next: 89ddbcf710eba274963494f312bdc8a9
    BaseDataGrid/noData: fe1d34a45e22b5611d255b84b2d67232
    BaseDataGrid/reset: 7cb314b2b3278197685fa00eb75e5a7d
    DataGridColumnHeader/asc: 859eb73e4d1bda5351ca36472efe6492
    DataGridColumnHeader/desc: 55089d006e5eb530227e6f1c41707fc9
    DataGridColumnHeader/pinLeft: be5f2420a80dd4167ce0136bf6ea067b
    DataGridColumnHeader/pinRight: c114b8db856f259aec1950b4f5a82392
    DataGridColumnHeader/moveLeft: 00c9d270ef0d944027f96cfc9e5a97e6
    DataGridColumnHeader/moveRight: 37fc717dc7cab45a0e045cf22093b388
    DataGridColumnHeader/columns: 14896556dc1535d70198854757f704ec
    DataGridPagination/rowsPerPage: ad42278e831d4ecef6bc5e2615f65bf0
    DataGridColumnVisibility/editColumns: 9e4d0f012e3e0fcad2ab7b05281d8b28
    TokenPage/validationFailed: e51ae38da404a4924a61f6d5e9a739cd
    TokenPage/goToExpiredPage: daa7cb54da2abc3696892618372f8829
    UsageHistoryColumns/meterName: e5fbd2e4baa0b7d4fa6d4ea536accfe2
    UsageHistoryColumns/meterId: c7b699d354b447c113a2e301e6131901
    UsageHistoryColumns/consumedUnits: 8aceccffcac885b757718769553d9529
    UsageHistoryColumns/chargeableUnits: 991981ec58cccb3d144b45fb6c0fa6eb
    UsageHistoryColumns/freeThreshold: 8f2f999927cac387a7b2d204dba1ff68
    UsageHistoryColumns/units: dbd4e5713e075693bd03dd0c68b2e28f
    UsageHistoryColumns/unitPrice: 8d4cecc463be93bc5e931914876f6046
    UsageHistoryColumns/totalCost: ee3537a63dd283614e9e21ab6c2fbc61
    UsageHistoryColumns/actions: c46571856723b03262fd33f511116298
    UsageHistoryColumns/view: 36a9b5e3dc153c036d320460d72a03c3
    PaymentMethodsPage/heading: 5c46d9045bd1917b540e7bdb3845a927
    PaymentMethodsPage/empty: 897e49af26adbb659fdd9923aeb0a335
    LicenseColumns/licenseKey: 0acf7cc1945864c1891f817631bf78d2
    LicenseColumns/status: 4e1fcce15854d824919b4a582c697c90
    LicenseColumns/productId: 4cda6c950d568af2a848e193695396e5
    LicenseColumns/expiry: fe0ef5bb0eb68d292e45eb94fcdc0463
    LicenseColumns/neverExpires: 2a3ec437391a59b86e8b28fdf00d0a29
    LicenseColumns/sameAsSubscription: a972c93f7d4a42115aad0a576b3d3e80
    LicenseColumns/activationsUsed: bfd4f59359b9f8c79be9759606aa7e41
    LicenseColumns/paymentId: 66413518bc7131452b262859b59e7126
    PaymentColumns/paymentId: fc330d21536dda285c9ee6c53b1a95a7
    PaymentColumns/status: 4e1fcce15854d824919b4a582c697c90
    PaymentColumns/paymentMethod: 959f16432a02ba1b50f53d0822be2aac
    PaymentColumns/amount: a0ae9c6ff98b57475cdce56f66066aa4
    PaymentColumns/date: 31a26e58179e0f8d985e8c3babac6ea0
    PaymentColumns/invoice: eeda4ece45623519011ea5c83091f431
    PaymentColumns/invoiceButtonLabel: eeda4ece45623519011ea5c83091f431
    PaymentColumns/files: aee803d2f576ac1200c73b691191a916
    TimeTooltip/title: c89db798291c556e38d4cf71963557c0
    TimeTooltip/yourDevice: 850ade7f626d50176126b2302ad9a0f5
    TimeTooltip/system: 803281c327a02a2feba182f4a2b38311
    DateFilter/selectDateRange: 11cb1a7083ead750d1deb07be4a985a6
    DateFilter/dialogDescription: ff9c0a951b160457040b16823f16d478
    DateFilter/presets: db7616c227f9759fe2e4a4cba59e8f9f
    DateFilter/calendar: f113fede755b1502d0a17ad5068ba005
    DateFilter/cancel: 2e2a849c2223911717de8caa2c71bade
    DateFilter/applyFilter: bdc4f42c6e22bd70205b0b3f21a2531c
    DateFilter/today: 142173f9752e18e92109623a3ee68cad
    DateFilter/yesterday: eeb58908e68ff96c1b7e8f90e389afb7
    DateFilter/thisWeek: f5a7432a765c6e2b7b8e76b85ee6bb59
    DateFilter/lastWeek: b57fcc4eac5579bf2a26f67435d25765
    DateFilter/thisMonth: 50845a38865204a97773c44dcd2ebb90
    DateFilter/lastMonth: 848086395b28875c050d56e3933dae61
    DateFilter/thisYear: 1e69651c2ac722f8ce138f43cf2e02f9
    DateFilter/lastYear: fe7c268a48bf85bc40da000e6e437637
    DateFilter/allTime: 62258944e7c2e83f3ebf69074b2c2156
    FilterControls/statusLabel: 4e1fcce15854d824919b4a582c697c90
    FilterDropdown/filters: acf5accc113ff3c1992688058576732c
    FilterDropdown/filterBy: ab2ae43ab715d519cee67d60447baf0e
    FilterDropdown/clear: d4c069de3111b7a5df96f3703f199f2f
    FilterDropdown/filter: 626325a05e4c8800f7ede7012b0cadaf
    CountrySelect/loading: 82b4ea7ed1439094d7c4be13aaba9a66
    CountrySelect/searchPlaceholder: 7b6a47f99a9c79868f1accf32c258bde
    CountrySelect/noCountryFound: 23584a2e320a4caddec2c5fc0206f59b
    CountrySelect/loadFailed: ad26d712c22f062c44ebc8bda1fc1ff2
    DataTable/noResults: ef750233aa31a41b9dc604c163b993d9
    Product/qty: db768e68b26eb0708d3e4d3a69b5f3b9
    Product/manageSubscription: 31cafd367fc70d656d8dd979d537dc96
    Product/fetchSubscriptionFailed: 6e15fcca19979bda7082813d2ba47c60
    Product/noAuthToken: 65221a5a099c3dfd80aec9a95d62c339
    Product/loadDigitalProductsFailed: a47320ce7cad9c2669a1e6efc08d5da9
    Product/fetchDigitalProductsFailed: 016b733ba4f6ca214c46a8c821a1a20b
    BadgeStatus/succeeded: aba46ec259ddcd2f5ede4426df896dba
    BadgeStatus/failed: 99f87615af1fffa2b8802866b096705a
    BadgeStatus/cancelled: a2bf1284fcc69487979e3c21bd5e840b
    BadgeStatus/expired: 63b27cccba4ab2143e0f5f3d46e4168a
    BadgeStatus/processing: 3de9afebcb9d4ce8ac42e14995f79ffd
    BadgeStatus/pending: 030a6f3395d5d4efddd3cc67d6009039
    BadgeStatus/review: 0a22e7005d58bb6efc2d4012b83ef3d9
    BadgeStatus/onHold: 2f7fb3c98b8720ab7b3c4f3de87e2baf
    BadgeStatus/notInitiated: bdee3346ba70288cabb674972fc5007e
    BadgeStatus/noStatus: 53e5c84177c3bf45f3206ec1fd604d8a
    BadgeStatus/verified: 9566bd61c1f754dd5082eea5101f15a8
    BadgeStatus/active: 3e1ec025c4a50830bbb9ad57a176630a
    BadgeStatus/disabled: 0889a3dfd914a7ef638611796b17bf72
    BadgeStatus/preDispute: 8e02b0307e81ba7f87c52e6f8d7135a0
    BadgeStatus/dispute: 18544ec04e88cbdbcf61c2b31243bcd1
    BadgeStatus/preArbitration: f8a14883c86f1eee69015637db689ff8
    BadgeStatus/disputeOpened: 14b0211b1bdf3463b976d9815e558b82
    BadgeStatus/disputeExpired: 3ef55f211bf0f40137890470866d5ff5
    BadgeStatus/disputeAccepted: 58b2b6e526cc534e01a048d7e3af095f
    BadgeStatus/disputeCancelled: 3075337b70a8b44a7dc70eb309deb821
    BadgeStatus/disputeChallenged: 214033f88ab6e8e8e99399980b16ce2f
    BadgeStatus/disputeWon: b4fd141e257d5ae9e9b36308f45c847a
    BadgeStatus/disputeLost: 28ca0c6b4a15ec9b034c3e0ff35d4e80
    BadgeStatus/oneTime: 9c12367228419f4ad280978d7fee8260
    BadgeStatus/subscription: ba9f3675e18987d067d48533c8897343
    BadgeStatus/unknown: 5cd12b882fe90320f93130c1b50e2e32
